
Microsoft Visual Studio Solution File, Format Version 12.00
# Visual Studio Version 17
VisualStudioVersion = 17.7.34031.279
MinimumVisualStudioVersion = 10.0.40219.1
Project("{FAE04EC0-301F-11D3-BF4B-00C04F79EFBC}") = "TutorialChat", "TutorialChat.csproj", "{42E67F54-CD8F-4602-AB43-C1224EB3A666}"
EndProject
Global
	GlobalSection(SolutionConfigurationPlatforms) = preSolution
		Debug|Any CPU = Debug|Any CPU
		Release|Any CPU = Release|Any CPU
	EndGlobalSection
	GlobalSection(ProjectConfigurationPlatforms) = postSolution
		{42E67F54-CD8F-4602-AB43-C1224EB3A666}.Debug|Any CPU.ActiveCfg = Debug|Any CPU
		{42E67F54-CD8F-4602-AB43-C1224EB3A666}.Debug|Any CPU.Build.0 = Debug|Any CPU
		{42E67F54-CD8F-4602-AB43-C1224EB3A666}.Release|Any CPU.ActiveCfg = Release|Any CPU
		{42E67F54-CD8F-4602-AB43-C1224EB3A666}.Release|Any CPU.Build.0 = Release|Any CPU
	EndGlobalSection
	GlobalSection(SolutionProperties) = preSolution
		HideSolutionNode = FALSE
	EndGlobalSection
	GlobalSection(ExtensibilityGlobals) = postSolution
		SolutionGuid = {0F54EB20-D9FE-4212-A7BA-C5F24E18BECB}
	EndGlobalSection
EndGlobal
